
Microsoft Visual Studio Solution File, Format Version 12.00
# Visual Studio Version 17
VisualStudioVersion = 17.7.34202.233
MinimumVisualStudioVersion = 10.0.40219.1
Project("{FAE04EC0-301F-11D3-BF4B-00C04F79EFBC}") = "WebAPI", "WebAPI\WebAPI.csproj", "{C4130BBD-6A5B-4367-94D2-FB26C3ED0180}"
EndProject
Project("{FAE04EC0-301F-11D3-BF4B-00C04F79EFBC}") = "Negrea_Catalin_Lab11", "Negrea_Catalin_Lab11\Negrea_Catalin_Lab11.csproj", "{70BE3099-542B-4EA1-8A07-936FBB16F12A}"
EndProject
Global
	GlobalSection(SolutionConfigurationPlatforms) = preSolution
		Debug|Any CPU = Debug|Any CPU
		Release|Any CPU = Release|Any CPU
	EndGlobalSection
	GlobalSection(ProjectConfigurationPlatforms) = postSolution
		{C4130BBD-6A5B-4367-94D2-FB26C3ED0180}.Debug|Any CPU.ActiveCfg = Debug|Any CPU
		{C4130BBD-6A5B-4367-94D2-FB26C3ED0180}.Debug|Any CPU.Build.0 = Debug|Any CPU
		{C4130BBD-6A5B-4367-94D2-FB26C3ED0180}.Release|Any CPU.ActiveCfg = Release|Any CPU
		{C4130BBD-6A5B-4367-94D2-FB26C3ED0180}.Release|Any CPU.Build.0 = Release|Any CPU
		{70BE3099-542B-4EA1-8A07-936FBB16F12A}.Debug|Any CPU.ActiveCfg = Debug|Any CPU
		{70BE3099-542B-4EA1-8A07-936FBB16F12A}.Debug|Any CPU.Build.0 = Debug|Any CPU
		{70BE3099-542B-4EA1-8A07-936FBB16F12A}.Debug|Any CPU.Deploy.0 = Debug|Any CPU
		{70BE3099-542B-4EA1-8A07-936FBB16F12A}.Release|Any CPU.ActiveCfg = Release|Any CPU
		{70BE3099-542B-4EA1-8A07-936FBB16F12A}.Release|Any CPU.Build.0 = Release|Any CPU
		{70BE3099-542B-4EA1-8A07-936FBB16F12A}.Release|Any CPU.Deploy.0 = Release|Any CPU
	EndGlobalSection
	GlobalSection(SolutionProperties) = preSolution
		HideSolutionNode = FALSE
	EndGlobalSection
	GlobalSection(ExtensibilityGlobals) = postSolution
		SolutionGuid = {5D9C4932-093B-470A-9C4A-1D8B0A4E1FE7}
	EndGlobalSection
EndGlobal
